
Microsoft Visual Studio Solution File, Format Version 12.00
# Visual Studio Version 17
VisualStudioVersion = 17.3.32929.385
MinimumVisualStudioVersion = 10.0.40219.1
Project("{FAE04EC0-301F-11D3-BF4B-00C04F79EFBC}") = "Практическая 7", "Практическая 7\Практическая 7.csproj", "{A4A70C46-7392-4774-8959-01F6F95246CB}"
EndProject
Global
	GlobalSection(SolutionConfigurationPlatforms) = preSolution
		Debug|Any CPU = Debug|Any CPU
		Release|Any CPU = Release|Any CPU
	EndGlobalSection
	GlobalSection(ProjectConfigurationPlatforms) = postSolution
		{A4A70C46-7392-4774-8959-01F6F95246CB}.Debug|Any CPU.ActiveCfg = Debug|Any CPU
		{A4A70C46-7392-4774-8959-01F6F95246CB}.Debug|Any CPU.Build.0 = Debug|Any CPU
		{A4A70C46-7392-4774-8959-01F6F95246CB}.Release|Any CPU.ActiveCfg = Release|Any CPU
		{A4A70C46-7392-4774-8959-01F6F95246CB}.Release|Any CPU.Build.0 = Release|Any CPU
	EndGlobalSection
	GlobalSection(SolutionProperties) = preSolution
		HideSolutionNode = FALSE
	EndGlobalSection
	GlobalSection(ExtensibilityGlobals) = postSolution
		SolutionGuid = {D603BFD3-2B98-4116-9325-6287EFF7DE8F}
	EndGlobalSection
EndGlobal
